// !$*UTF8*$!
{
	archiveVersion = 1;
	classes = {
	};
	objectVersion = 70;
	objects = {

/* Begin PBXBuildFile section */
		229932422CFD05A600FEAF48 /* deckView.swift in Sources */ = {isa = PBXBuildFile; fileRef = 229932412CFD05A300FEAF48 /* deckView.swift */; };
		6C0610802D015C92003EB4CA /* GoogleService-Info.plist in Resources */ = {isa = PBXBuildFile; fileRef = 6C06107F2D015C92003EB4CA /* GoogleService-Info.plist */; };
		BE7B010F2CDEED940050F456 /* SpeechifyApp.swift in Sources */ = {isa = PBXBuildFile; fileRef = BE7B010E2CDEED940050F456 /* SpeechifyApp.swift */; };
		BE7B01132CDEED950050F456 /* Assets.xcassets in Resources */ = {isa = PBXBuildFile; fileRef = BE7B01122CDEED950050F456 /* Assets.xcassets */; };
		BE7B01162CDEED950050F456 /* Preview Assets.xcassets in Resources */ = {isa = PBXBuildFile; fileRef = BE7B01152CDEED950050F456 /* Preview Assets.xcassets */; };
		BE7B01202CDEED960050F456 /* SpeechifyTests.swift in Sources */ = {isa = PBXBuildFile; fileRef = BE7B011F2CDEED960050F456 /* SpeechifyTests.swift */; };
		BE7B012A2CDEED960050F456 /* SpeechifyUITests.swift in Sources */ = {isa = PBXBuildFile; fileRef = BE7B01292CDEED960050F456 /* SpeechifyUITests.swift */; };
		BE7B012C2CDEED960050F456 /* SpeechifyUITestsLaunchTests.swift in Sources */ = {isa = PBXBuildFile; fileRef = BE7B012B2CDEED960050F456 /* SpeechifyUITestsLaunchTests.swift */; };
		BE7B013A2CDEEE670050F456 /* FirebaseAuth in Frameworks */ = {isa = PBXBuildFile; productRef = BE7B01392CDEEE670050F456 /* FirebaseAuth */; };
		BE7B013C2CDEEE670050F456 /* FirebaseCore in Frameworks */ = {isa = PBXBuildFile; productRef = BE7B013B2CDEEE670050F456 /* FirebaseCore */; };
		BE7B013E2CDEEE670050F456 /* FirebaseDatabase in Frameworks */ = {isa = PBXBuildFile; productRef = BE7B013D2CDEEE670050F456 /* FirebaseDatabase */; };
		BE7B01402CDEEE670050F456 /* FirebaseFirestore in Frameworks */ = {isa = PBXBuildFile; productRef = BE7B013F2CDEEE670050F456 /* FirebaseFirestore */; };
		BE7B01422CDEEE670050F456 /* FirebaseFunctions in Frameworks */ = {isa = PBXBuildFile; productRef = BE7B01412CDEEE670050F456 /* FirebaseFunctions */; };
/* End PBXBuildFile section */

/* Begin PBXContainerItemProxy section */
		BE7B011C2CDEED960050F456 /* PBXContainerItemProxy */ = {
			isa = PBXContainerItemProxy;
			containerPortal = BE7B01032CDEED940050F456 /* Project object */;
			proxyType = 1;
			remoteGlobalIDString = BE7B010A2CDEED940050F456;
			remoteInfo = Speechify;
		};
		BE7B01262CDEED960050F456 /* PBXContainerItemProxy */ = {
			isa = PBXContainerItemProxy;
			containerPortal = BE7B01032CDEED940050F456 /* Project object */;
			proxyType = 1;
			remoteGlobalIDString = BE7B010A2CDEED940050F456;
			remoteInfo = Speechify;
		};
/* End PBXContainerItemProxy section */

/* Begin PBXFileReference section */
		229932402CFD04D100FEAF48 /* deck.swift */ = {isa = PBXFileReference; lastKnownFileType = sourcecode.swift; path = deck.swift; sourceTree = "<group>"; };
		229932412CFD05A300FEAF48 /* deckView.swift */ = {isa = PBXFileReference; lastKnownFileType = sourcecode.swift; path = deckView.swift; sourceTree = "<group>"; };
		6C06107F2D015C92003EB4CA /* GoogleService-Info.plist */ = {isa = PBXFileReference; lastKnownFileType = text.plist.xml; path = "GoogleService-Info.plist"; sourceTree = "<group>"; };
		BE7B010B2CDEED940050F456 /* Speechify.app */ = {isa = PBXFileReference; explicitFileType = wrapper.application; includeInIndex = 0; path = Speechify.app; sourceTree = BUILT_PRODUCTS_DIR; };
		BE7B010E2CDEED940050F456 /* SpeechifyApp.swift */ = {isa = PBXFileReference; lastKnownFileType = sourcecode.swift; path = SpeechifyApp.swift; sourceTree = "<group>"; };
		BE7B01122CDEED950050F456 /* Assets.xcassets */ = {isa = PBXFileReference; lastKnownFileType = folder.assetcatalog; path = Assets.xcassets; sourceTree = "<group>"; };
		BE7B01152CDEED950050F456 /* Preview Assets.xcassets */ = {isa = PBXFileReference; lastKnownFileType = folder.assetcatalog; path = "Preview Assets.xcassets"; sourceTree = "<group>"; };
		BE7B011B2CDEED960050F456 /* SpeechifyTests.xctest */ = {isa = PBXFileReference; explicitFileType = wrapper.cfbundle; includeInIndex = 0; path = SpeechifyTests.xctest; sourceTree = BUILT_PRODUCTS_DIR; };
		BE7B011F2CDEED960050F456 /* SpeechifyTests.swift */ = {isa = PBXFileReference; lastKnownFileType = sourcecode.swift; path = SpeechifyTests.swift; sourceTree = "<group>"; };
		BE7B01252CDEED960050F456 /* SpeechifyUITests.xctest */ = {isa = PBXFileReference; explicitFileType = wrapper.cfbundle; includeInIndex = 0; path = SpeechifyUITests.xctest; sourceTree = BUILT_PRODUCTS_DIR; };
		BE7B01292CDEED960050F456 /* SpeechifyUITests.swift */ = {isa = PBXFileReference; lastKnownFileType = sourcecode.swift; path = SpeechifyUITests.swift; sourceTree = "<group>"; };
		BE7B012B2CDEED960050F456 /* SpeechifyUITestsLaunchTests.swift */ = {isa = PBXFileReference; lastKnownFileType = sourcecode.swift; path = SpeechifyUITestsLaunchTests.swift; sourceTree = "<group>"; };
		BE7B01472CE1E6520050F456 /* Info.plist */ = {isa = PBXFileReference; lastKnownFileType = text.plist; path = Info.plist; sourceTree = "<group>"; };
/* End PBXFileReference section */

/* Begin PBXFileSystemSynchronizedRootGroup section */
		E96F88762D00DBE100F04D75 /* Services */ = {isa = PBXFileSystemSynchronizedRootGroup; explicitFileTypes = {}; explicitFolders = (); path = Services; sourceTree = "<group>"; };
		E96F887B2D00DC2800F04D75 /* Model */ = {isa = PBXFileSystemSynchronizedRootGroup; explicitFileTypes = {}; explicitFolders = (); path = Model; sourceTree = "<group>"; };
/* End PBXFileSystemSynchronizedRootGroup section */

/* Begin PBXFrameworksBuildPhase section */
		BE7B01082CDEED940050F456 /* Frameworks */ = {
			isa = PBXFrameworksBuildPhase;
			buildActionMask = 2147483647;
			files = (
				BE7B013E2CDEEE670050F456 /* FirebaseDatabase in Frameworks */,
				BE7B01402CDEEE670050F456 /* FirebaseFirestore in Frameworks */,
				BE7B01422CDEEE670050F456 /* FirebaseFunctions in Frameworks */,
				BE7B013C2CDEEE670050F456 /* FirebaseCore in Frameworks */,
				BE7B013A2CDEEE670050F456 /* FirebaseAuth in Frameworks */,
			);
			runOnlyForDeploymentPostprocessing = 0;
		};
		BE7B01182CDEED960050F456 /* Frameworks */ = {
			isa = PBXFrameworksBuildPhase;
			buildActionMask = 2147483647;
			files = (
			);
			runOnlyForDeploymentPostprocessing = 0;
		};
		BE7B01222CDEED960050F456 /* Frameworks */ = {
			isa = PBXFrameworksBuildPhase;
			buildActionMask = 2147483647;
			files = (
			);
			runOnlyForDeploymentPostprocessing = 0;
		};
/* End PBXFrameworksBuildPhase section */

/* Begin PBXGroup section */
		BE7B01022CDEED940050F456 = {
			isa = PBXGroup;
			children = (
				BE7B010D2CDEED940050F456 /* Speechify */,
				BE7B011E2CDEED960050F456 /* SpeechifyTests */,
				BE7B01282CDEED960050F456 /* SpeechifyUITests */,
				BE7B010C2CDEED940050F456 /* Products */,
			);
			sourceTree = "<group>";
		};
		BE7B010C2CDEED940050F456 /* Products */ = {
			isa = PBXGroup;
			children = (
				BE7B010B2CDEED940050F456 /* Speechify.app */,
				BE7B011B2CDEED960050F456 /* SpeechifyTests.xctest */,
				BE7B01252CDEED960050F456 /* SpeechifyUITests.xctest */,
			);
			name = Products;
			sourceTree = "<group>";
		};
		BE7B010D2CDEED940050F456 /* Speechify */ = {
			isa = PBXGroup;
			children = (
				6C06107F2D015C92003EB4CA /* GoogleService-Info.plist */,
				E96F887B2D00DC2800F04D75 /* Model */,
				E96F88762D00DBE100F04D75 /* Services */,
				229932412CFD05A300FEAF48 /* deckView.swift */,
				229932402CFD04D100FEAF48 /* deck.swift */,
				BE7B01472CE1E6520050F456 /* Info.plist */,
				BE7B010E2CDEED940050F456 /* SpeechifyApp.swift */,
				BE7B01122CDEED950050F456 /* Assets.xcassets */,
				BE7B01142CDEED950050F456 /* Preview Content */,
			);
			path = Speechify;
			sourceTree = "<group>";
		};
		BE7B01142CDEED950050F456 /* Preview Content */ = {
			isa = PBXGroup;
			children = (
				BE7B01152CDEED950050F456 /* Preview Assets.xcassets */,
			);
			path = "Preview Content";
			sourceTree = "<group>";
		};
		BE7B011E2CDEED960050F456 /* SpeechifyTests */ = {
			isa = PBXGroup;
			children = (
				BE7B011F2CDEED960050F456 /* SpeechifyTests.swift */,
			);
			path = SpeechifyTests;
			sourceTree = "<group>";
		};
		BE7B01282CDEED960050F456 /* SpeechifyUITests */ = {
			isa = PBXGroup;
			children = (
				BE7B01292CDEED960050F456 /* SpeechifyUITests.swift */,
				BE7B012B2CDEED960050F456 /* SpeechifyUITestsLaunchTests.swift */,
			);
			path = SpeechifyUITests;
			sourceTree = "<group>";
		};
/* End PBXGroup section */

/* Begin PBXNativeTarget section */
		BE7B010A2CDEED940050F456 /* Speechify */ = {
			isa = PBXNativeTarget;
			buildConfigurationList = BE7B012F2CDEED960050F456 /* Build configuration list for PBXNativeTarget "Speechify" */;
			buildPhases = (
				BE7B01072CDEED940050F456 /* Sources */,
				BE7B01082CDEED940050F456 /* Frameworks */,
				BE7B01092CDEED940050F456 /* Resources */,
			);
			buildRules = (
			);
			dependencies = (
			);
			fileSystemSynchronizedGroups = (
				E96F88762D00DBE100F04D75 /* Services */,
				E96F887B2D00DC2800F04D75 /* Model */,
			);
			name = Speechify;
			packageProductDependencies = (
				BE7B01392CDEEE670050F456 /* FirebaseAuth */,
				BE7B013B2CDEEE670050F456 /* FirebaseCore */,
				BE7B013D2CDEEE670050F456 /* FirebaseDatabase */,
				BE7B013F2CDEEE670050F456 /* FirebaseFirestore */,
				BE7B01412CDEEE670050F456 /* FirebaseFunctions */,
			);
			productName = Speechify;
			productReference = BE7B010B2CDEED940050F456 /* Speechify.app */;
			productType = "com.apple.product-type.application";
		};
		BE7B011A2CDEED960050F456 /* SpeechifyTests */ = {
			isa = PBXNativeTarget;
			buildConfigurationList = BE7B01322CDEED960050F456 /* Build configuration list for PBXNativeTarget "SpeechifyTests" */;
			buildPhases = (
				BE7B01172CDEED960050F456 /* Sources */,
				BE7B01182CDEED960050F456 /* Frameworks */,
				BE7B01192CDEED960050F456 /* Resources */,
			);
			buildRules = (
			);
			dependencies = (
				BE7B011D2CDEED960050F456 /* PBXTargetDependency */,
			);
			name = SpeechifyTests;
			productName = SpeechifyTests;
			productReference = BE7B011B2CDEED960050F456 /* SpeechifyTests.xctest */;
			productType = "com.apple.product-type.bundle.unit-test";
		};
		BE7B01242CDEED960050F456 /* SpeechifyUITests */ = {
			isa = PBXNativeTarget;
			buildConfigurationList = BE7B01352CDEED960050F456 /* Build configuration list for PBXNativeTarget "SpeechifyUITests" */;
			buildPhases = (
				BE7B01212CDEED960050F456 /* Sources */,
				BE7B01222CDEED960050F456 /* Frameworks */,
				BE7B01232CDEED960050F456 /* Resources */,
			);
			buildRules = (
			);
			dependencies = (
				BE7B01272CDEED960050F456 /* PBXTargetDependency */,
			);
			name = SpeechifyUITests;
			productName = SpeechifyUITests;
			productReference = BE7B01252CDEED960050F456 /* SpeechifyUITests.xctest */;
			productType = "com.apple.product-type.bundle.ui-testing";
		};
/* End PBXNativeTarget section */

/* Begin PBXProject section */
		BE7B01032CDEED940050F456 /* Project object */ = {
			isa = PBXProject;
			attributes = {
				BuildIndependentTargetsInParallel = 1;
				LastSwiftUpdateCheck = 1520;
				LastUpgradeCheck = 1520;
				TargetAttributes = {
					BE7B010A2CDEED940050F456 = {
						CreatedOnToolsVersion = 15.2;
					};
					BE7B011A2CDEED960050F456 = {
						CreatedOnToolsVersion = 15.2;
						TestTargetID = BE7B010A2CDEED940050F456;
					};
					BE7B01242CDEED960050F456 = {
						CreatedOnToolsVersion = 15.2;
						TestTargetID = BE7B010A2CDEED940050F456;
					};
				};
			};
			buildConfigurationList = BE7B01062CDEED940050F456 /* Build configuration list for PBXProject "Speechify" */;
			compatibilityVersion = "Xcode 14.0";
			developmentRegion = en;
			hasScannedForEncodings = 0;
			knownRegions = (
				en,
				Base,
			);
			mainGroup = BE7B01022CDEED940050F456;
			packageReferences = (
				BE7B01382CDEEE670050F456 /* XCRemoteSwiftPackageReference "firebase-ios-sdk" */,
			);
			productRefGroup = BE7B010C2CDEED940050F456 /* Products */;
			projectDirPath = "";
			projectRoot = "";
			targets = (
				BE7B010A2CDEED940050F456 /* Speechify */,
				BE7B011A2CDEED960050F456 /* SpeechifyTests */,
				BE7B01242CDEED960050F456 /* SpeechifyUITests */,
			);
		};
/* End PBXProject section */

/* Begin PBXResourcesBuildPhase section */
		BE7B01092CDEED940050F456 /* Resources */ = {
			isa = PBXResourcesBuildPhase;
			buildActionMask = 2147483647;
			files = (
				BE7B01162CDEED950050F456 /* Preview Assets.xcassets in Resources */,
				BE7B01132CDEED950050F456 /* Assets.xcassets in Resources */,
				6C0610802D015C92003EB4CA /* GoogleService-Info.plist in Resources */,
			);
			runOnlyForDeploymentPostprocessing = 0;
		};
		BE7B01192CDEED960050F456 /* Resources */ = {
			isa = PBXResourcesBuildPhase;
			buildActionMask = 2147483647;
			files = (
			);
			runOnlyForDeploymentPostprocessing = 0;
		};
		BE7B01232CDEED960050F456 /* Resources */ = {
			isa = PBXResourcesBuildPhase;
			buildActionMask = 2147483647;
			files = (
			);
			runOnlyForDeploymentPostprocessing = 0;
		};
/* End PBXResourcesBuildPhase section */

/* Begin PBXSourcesBuildPhase section */
		BE7B01072CDEED940050F456 /* Sources */ = {
			isa = PBXSourcesBuildPhase;
			buildActionMask = 2147483647;
			files = (
				BE7B010F2CDEED940050F456 /* SpeechifyApp.swift in Sources */,
				229932422CFD05A600FEAF48 /* deckView.swift in Sources */,
			);
			runOnlyForDeploymentPostprocessing = 0;
		};
		BE7B01172CDEED960050F456 /* Sources */ = {
			isa = PBXSourcesBuildPhase;
			buildActionMask = 2147483647;
			files = (
				BE7B01202CDEED960050F456 /* SpeechifyTests.swift in Sources */,
			);
			runOnlyForDeploymentPostprocessing = 0;
		};
		BE7B01212CDEED960050F456 /* Sources */ = {
			isa = PBXSourcesBuildPhase;
			buildActionMask = 2147483647;
			files = (
				BE7B012A2CDEED960050F456 /* SpeechifyUITests.swift in Sources */,
				BE7B012C2CDEED960050F456 /* SpeechifyUITestsLaunchTests.swift in Sources */,
			);
			runOnlyForDeploymentPostprocessing = 0;
		};
/* End PBXSourcesBuildPhase section */

/* Begin PBXTargetDependency section */
		BE7B011D2CDEED960050F456 /* PBXTargetDependency */ = {
			isa = PBXTargetDependency;
			target = BE7B010A2CDEED940050F456 /* Speechify */;
			targetProxy = BE7B011C2CDEED960050F456 /* PBXContainerItemProxy */;
		};
		BE7B01272CDEED960050F456 /* PBXTargetDependency */ = {
			isa = PBXTargetDependency;
			target = BE7B010A2CDEED940050F456 /* Speechify */;
			targetProxy = BE7B01262CDEED960050F456 /* PBXContainerItemProxy */;
		};
/* End PBXTargetDependency section */

/* Begin XCBuildConfiguration section */
		BE7B012D2CDEED960050F456 /* Debug */ = {
			isa = XCBuildConfiguration;
			buildSettings = {
				ALWAYS_SEARCH_USER_PATHS = NO;
				ASSETCATALOG_COMPILER_GENERATE_SWIFT_ASSET_SYMBOL_EXTENSIONS = YES;
				CLANG_ANALYZER_NONNULL = YES;
				CLANG_ANALYZER_NUMBER_OBJECT_CONVERSION = YES_AGGRESSIVE;
				CLANG_CXX_LANGUAGE_STANDARD = "gnu++20";
				CLANG_ENABLE_MODULES = YES;
				CLANG_ENABLE_OBJC_ARC = YES;
				CLANG_ENABLE_OBJC_WEAK = YES;
				CLANG_WARN_BLOCK_CAPTURE_AUTORELEASING = YES;
				CLANG_WARN_BOOL_CONVERSION = YES;
				CLANG_WARN_COMMA = YES;
				CLANG_WARN_CONSTANT_CONVERSION = YES;
				CLANG_WARN_DEPRECATED_OBJC_IMPLEMENTATIONS = YES;
				CLANG_WARN_DIRECT_OBJC_ISA_USAGE = YES_ERROR;
				CLANG_WARN_DOCUMENTATION_COMMENTS = YES;
				CLANG_WARN_EMPTY_BODY = YES;
				CLANG_WARN_ENUM_CONVERSION = YES;
				CLANG_WARN_INFINITE_RECURSION = YES;
				CLANG_WARN_INT_CONVERSION = YES;
				CLANG_WARN_NON_LITERAL_NULL_CONVERSION = YES;
				CLANG_WARN_OBJC_IMPLICIT_RETAIN_SELF = YES;
				CLANG_WARN_OBJC_LITERAL_CONVERSION = YES;
				CLANG_WARN_OBJC_ROOT_CLASS = YES_ERROR;
				CLANG_WARN_QUOTED_INCLUDE_IN_FRAMEWORK_HEADER = YES;
				CLANG_WARN_RANGE_LOOP_ANALYSIS = YES;
				CLANG_WARN_STRICT_PROTOTYPES = YES;
				CLANG_WARN_SUSPICIOUS_MOVE = YES;
				CLANG_WARN_UNGUARDED_AVAILABILITY = YES_AGGRESSIVE;
				CLANG_WARN_UNREACHABLE_CODE = YES;
				CLANG_WARN__DUPLICATE_METHOD_MATCH = YES;
				COPY_PHASE_STRIP = NO;
				DEBUG_INFORMATION_FORMAT = dwarf;
				ENABLE_STRICT_OBJC_MSGSEND = YES;
				ENABLE_TESTABILITY = YES;
				ENABLE_USER_SCRIPT_SANDBOXING = YES;
				GCC_C_LANGUAGE_STANDARD = gnu17;
				GCC_DYNAMIC_NO_PIC = NO;
				GCC_NO_COMMON_BLOCKS = YES;
				GCC_OPTIMIZATION_LEVEL = 0;
				GCC_PREPROCESSOR_DEFINITIONS = (
					"DEBUG=1",
					"$(inherited)",
				);
				GCC_WARN_64_TO_32_BIT_CONVERSION = YES;
				GCC_WARN_ABOUT_RETURN_TYPE = YES_ERROR;
				GCC_WARN_UNDECLARED_SELECTOR = YES;
				GCC_WARN_UNINITIALIZED_AUTOS = YES_AGGRESSIVE;
				GCC_WARN_UNUSED_FUNCTION = YES;
				GCC_WARN_UNUSED_VARIABLE = YES;
				IPHONEOS_DEPLOYMENT_TARGET = 17.2;
				LOCALIZATION_PREFERS_STRING_CATALOGS = YES;
				MTL_ENABLE_DEBUG_INFO = INCLUDE_SOURCE;
				MTL_FAST_MATH = YES;
				ONLY_ACTIVE_ARCH = YES;
				SDKROOT = iphoneos;
				SWIFT_ACTIVE_COMPILATION_CONDITIONS = "DEBUG $(inherited)";
				SWIFT_OPTIMIZATION_LEVEL = "-Onone";
			};
			name = Debug;
		};
		BE7B012E2CDEED960050F456 /* Release */ = {
			isa = XCBuildConfiguration;
			buildSettings = {
				ALWAYS_SEARCH_USER_PATHS = NO;
				ASSETCATALOG_COMPILER_GENERATE_SWIFT_ASSET_SYMBOL_EXTENSIONS = YES;
				CLANG_ANALYZER_NONNULL = YES;
				CLANG_ANALYZER_NUMBER_OBJECT_CONVERSION = YES_AGGRESSIVE;
				CLANG_CXX_LANGUAGE_STANDARD = "gnu++20";
				CLANG_ENABLE_MODULES = YES;
				CLANG_ENABLE_OBJC_ARC = YES;
				CLANG_ENABLE_OBJC_WEAK = YES;
				CLANG_WARN_BLOCK_CAPTURE_AUTORELEASING = YES;
				CLANG_WARN_BOOL_CONVERSION = YES;
				CLANG_WARN_COMMA = YES;
				CLANG_WARN_CONSTANT_CONVERSION = YES;
				CLANG_WARN_DEPRECATED_OBJC_IMPLEMENTATIONS = YES;
				CLANG_WARN_DIRECT_OBJC_ISA_USAGE = YES_ERROR;
				CLANG_WARN_DOCUMENTATION_COMMENTS = YES;
				CLANG_WARN_EMPTY_BODY = YES;
				CLANG_WARN_ENUM_CONVERSION = YES;
				CLANG_WARN_INFINITE_RECURSION = YES;
				CLANG_WARN_INT_CONVERSION = YES;
				CLANG_WARN_NON_LITERAL_NULL_CONVERSION = YES;
				CLANG_WARN_OBJC_IMPLICIT_RETAIN_SELF = YES;
				CLANG_WARN_OBJC_LITERAL_CONVERSION = YES;
				CLANG_WARN_OBJC_ROOT_CLASS = YES_ERROR;
				CLANG_WARN_QUOTED_INCLUDE_IN_FRAMEWORK_HEADER = YES;
				CLANG_WARN_RANGE_LOOP_ANALYSIS = YES;
				CLANG_WARN_STRICT_PROTOTYPES = YES;
				CLANG_WARN_SUSPICIOUS_MOVE = YES;
				CLANG_WARN_UNGUARDED_AVAILABILITY = YES_AGGRESSIVE;
				CLANG_WARN_UNREACHABLE_CODE = YES;
				CLANG_WARN__DUPLICATE_METHOD_MATCH = YES;
				COPY_PHASE_STRIP = NO;
				DEBUG_INFORMATION_FORMAT = "dwarf-with-dsym";
				ENABLE_NS_ASSERTIONS = NO;
				ENABLE_STRICT_OBJC_MSGSEND = YES;
				ENABLE_USER_SCRIPT_SANDBOXING = YES;
				GCC_C_LANGUAGE_STANDARD = gnu17;
				GCC_NO_COMMON_BLOCKS = YES;
				GCC_WARN_64_TO_32_BIT_CONVERSION = YES;
				GCC_WARN_ABOUT_RETURN_TYPE = YES_ERROR;
				GCC_WARN_UNDECLARED_SELECTOR = YES;
				GCC_WARN_UNINITIALIZED_AUTOS = YES_AGGRESSIVE;
				GCC_WARN_UNUSED_FUNCTION = YES;
				GCC_WARN_UNUSED_VARIABLE = YES;
				IPHONEOS_DEPLOYMENT_TARGET = 17.2;
				LOCALIZATION_PREFERS_STRING_CATALOGS = YES;
				MTL_ENABLE_DEBUG_INFO = NO;
				MTL_FAST_MATH = YES;
				SDKROOT = iphoneos;
				SWIFT_COMPILATION_MODE = wholemodule;
				VALIDATE_PRODUCT = YES;
			};
			name = Release;
		};
		BE7B01302CDEED960050F456 /* Debug */ = {
			isa = XCBuildConfiguration;
			buildSettings = {
				ASSETCATALOG_COMPILER_APPICON_NAME = AppIcon;
				ASSETCATALOG_COMPILER_GLOBAL_ACCENT_COLOR_NAME = AccentColor;
				CODE_SIGN_STYLE = Automatic;
				CURRENT_PROJECT_VERSION = 1;
				DEVELOPMENT_ASSET_PATHS = "\"Speechify/Preview Content\"";
				ENABLE_PREVIEWS = YES;
				GENERATE_INFOPLIST_FILE = YES;
				INFOPLIST_FILE = Speechify/Info.plist;
				INFOPLIST_KEY_NSMicrophoneUsageDescription = "Requires Microphone Access For Recording Audio";
				INFOPLIST_KEY_NSSpeechRecognitionUsageDescription = "Access Speech Recognition To Procees Audio Input";
				INFOPLIST_KEY_UIApplicationSceneManifest_Generation = YES;
				INFOPLIST_KEY_UIApplicationSupportsIndirectInputEvents = YES;
				INFOPLIST_KEY_UILaunchScreen_Generation = YES;
				INFOPLIST_KEY_UISupportedInterfaceOrientations_iPad = "UIInterfaceOrientationPortrait UIInterfaceOrientationPortraitUpsideDown UIInterfaceOrientationLandscapeLeft UIInterfaceOrientationLandscapeRight";
				INFOPLIST_KEY_UISupportedInterfaceOrientations_iPhone = "UIInterfaceOrientationPortrait UIInterfaceOrientationLandscapeLeft UIInterfaceOrientationLandscapeRight";
				LD_RUNPATH_SEARCH_PATHS = (
					"$(inherited)",
					"@executable_path/Frameworks",
				);
				MARKETING_VERSION = 1.0;
				PRODUCT_BUNDLE_IDENTIFIER = com.Capstone.Speechify;
				PRODUCT_NAME = "$(TARGET_NAME)";
				SWIFT_EMIT_LOC_STRINGS = YES;
				SWIFT_VERSION = 5.0;
				TARGETED_DEVICE_FAMILY = "1,2";
			};
			name = Debug;
		};
		BE7B01312CDEED960050F456 /* Release */ = {
			isa = XCBuildConfiguration;
			buildSettings = {
				ASSETCATALOG_COMPILER_APPICON_NAME = AppIcon;
				ASSETCATALOG_COMPILER_GLOBAL_ACCENT_COLOR_NAME = AccentColor;
				CODE_SIGN_STYLE = Automatic;
				CURRENT_PROJECT_VERSION = 1;
				DEVELOPMENT_ASSET_PATHS = "\"Speechify/Preview Content\"";
				ENABLE_PREVIEWS = YES;
				GENERATE_INFOPLIST_FILE = YES;
				INFOPLIST_FILE = Speechify/Info.plist;
				INFOPLIST_KEY_NSMicrophoneUsageDescription = "Requires Microphone Access For Recording Audio";
				INFOPLIST_KEY_NSSpeechRecognitionUsageDescription = "Access Speech Recognition To Procees Audio Input";
				INFOPLIST_KEY_UIApplicationSceneManifest_Generation = YES;
				INFOPLIST_KEY_UIApplicationSupportsIndirectInputEvents = YES;
				INFOPLIST_KEY_UILaunchScreen_Generation = YES;
				INFOPLIST_KEY_UISupportedInterfaceOrientations_iPad = "UIInterfaceOrientationPortrait UIInterfaceOrientationPortraitUpsideDown UIInterfaceOrientationLandscapeLeft UIInterfaceOrientationLandscapeRight";
				INFOPLIST_KEY_UISupportedInterfaceOrientations_iPhone = "UIInterfaceOrientationPortrait UIInterfaceOrientationLandscapeLeft UIInterfaceOrientationLandscapeRight";
				LD_RUNPATH_SEARCH_PATHS = (
					"$(inherited)",
					"@executable_path/Frameworks",
				);
				MARKETING_VERSION = 1.0;
				PRODUCT_BUNDLE_IDENTIFIER = com.Capstone.Speechify;
				PRODUCT_NAME = "$(TARGET_NAME)";
				SWIFT_EMIT_LOC_STRINGS = YES;
				SWIFT_VERSION = 5.0;
				TARGETED_DEVICE_FAMILY = "1,2";
			};
			name = Release;
		};
		BE7B01332CDEED960050F456 /* Debug */ = {
			isa = XCBuildConfiguration;
			buildSettings = {
				ALWAYS_EMBED_SWIFT_STANDARD_LIBRARIES = YES;
				BUNDLE_LOADER = "$(TEST_HOST)";
				CODE_SIGN_STYLE = Automatic;
				CURRENT_PROJECT_VERSION = 1;
				GENERATE_INFOPLIST_FILE = YES;
				IPHONEOS_DEPLOYMENT_TARGET = 17.2;
				MARKETING_VERSION = 1.0;
				PRODUCT_BUNDLE_IDENTIFIER = com.Capstone.SpeechifyTests;
				PRODUCT_NAME = "$(TARGET_NAME)";
				SWIFT_EMIT_LOC_STRINGS = NO;
				SWIFT_VERSION = 5.0;
				TARGETED_DEVICE_FAMILY = "1,2";
				TEST_HOST = "$(BUILT_PRODUCTS_DIR)/Speechify.app/$(BUNDLE_EXECUTABLE_FOLDER_PATH)/Speechify";
			};
			name = Debug;
		};
		BE7B01342CDEED960050F456 /* Release */ = {
			isa = XCBuildConfiguration;
			buildSettings = {
				ALWAYS_EMBED_SWIFT_STANDARD_LIBRARIES = YES;
				BUNDLE_LOADER = "$(TEST_HOST)";
				CODE_SIGN_STYLE = Automatic;
				CURRENT_PROJECT_VERSION = 1;
				GENERATE_INFOPLIST_FILE = YES;
				IPHONEOS_DEPLOYMENT_TARGET = 17.2;
				MARKETING_VERSION = 1.0;
				PRODUCT_BUNDLE_IDENTIFIER = com.Capstone.SpeechifyTests;
				PRODUCT_NAME = "$(TARGET_NAME)";
				SWIFT_EMIT_LOC_STRINGS = NO;
				SWIFT_VERSION = 5.0;
				TARGETED_DEVICE_FAMILY = "1,2";
				TEST_HOST = "$(BUILT_PRODUCTS_DIR)/Speechify.app/$(BUNDLE_EXECUTABLE_FOLDER_PATH)/Speechify";
			};
			name = Release;
		};
		BE7B01362CDEED960050F456 /* Debug */ = {
			isa = XCBuildConfiguration;
			buildSettings = {
				ALWAYS_EMBED_SWIFT_STANDARD_LIBRARIES = YES;
				CODE_SIGN_STYLE = Automatic;
				CURRENT_PROJECT_VERSION = 1;
				GENERATE_INFOPLIST_FILE = YES;
				MARKETING_VERSION = 1.0;
				PRODUCT_BUNDLE_IDENTIFIER = com.Capstone.SpeechifyUITests;
				PRODUCT_NAME = "$(TARGET_NAME)";
				SWIFT_EMIT_LOC_STRINGS = NO;
				SWIFT_VERSION = 5.0;
				TARGETED_DEVICE_FAMILY = "1,2";
				TEST_TARGET_NAME = Speechify;
			};
			name = Debug;
		};
		BE7B01372CDEED960050F456 /* Release */ = {
			isa = XCBuildConfiguration;
			buildSettings = {
				ALWAYS_EMBED_SWIFT_STANDARD_LIBRARIES = YES;
				CODE_SIGN_STYLE = Automatic;
				CURRENT_PROJECT_VERSION = 1;
				GENERATE_INFOPLIST_FILE = YES;
				MARKETING_VERSION = 1.0;
				PRODUCT_BUNDLE_IDENTIFIER = com.Capstone.SpeechifyUITests;
				PRODUCT_NAME = "$(TARGET_NAME)";
				SWIFT_EMIT_LOC_STRINGS = NO;
				SWIFT_VERSION = 5.0;
				TARGETED_DEVICE_FAMILY = "1,2";
				TEST_TARGET_NAME = Speechify;
			};
			name = Release;
		};
/* End XCBuildConfiguration section */

/* Begin XCConfigurationList section */
		BE7B01062CDEED940050F456 /* Build configuration list for PBXProject "Speechify" */ = {
			isa = XCConfigurationList;
			buildConfigurations = (
				BE7B012D2CDEED960050F456 /* Debug */,
				BE7B012E2CDEED960050F456 /* Release */,
			);
			defaultConfigurationIsVisible = 0;
			defaultConfigurationName = Release;
		};
		BE7B012F2CDEED960050F456 /* Build configuration list for PBXNativeTarget "Speechify" */ = {
			isa = XCConfigurationList;
			buildConfigurations = (
				BE7B01302CDEED960050F456 /* Debug */,
				BE7B01312CDEED960050F456 /* Release */,
			);
			defaultConfigurationIsVisible = 0;
			defaultConfigurationName = Release;
		};
		BE7B01322CDEED960050F456 /* Build configuration list for PBXNativeTarget "SpeechifyTests" */ = {
			isa = XCConfigurationList;
			buildConfigurations = (
				BE7B01332CDEED960050F456 /* Debug */,
				BE7B01342CDEED960050F456 /* Release */,
			);
			defaultConfigurationIsVisible = 0;
			defaultConfigurationName = Release;
		};
		BE7B01352CDEED960050F456 /* Build configuration list for PBXNativeTarget "SpeechifyUITests" */ = {
			isa = XCConfigurationList;
			buildConfigurations = (
				BE7B01362CDEED960050F456 /* Debug */,
				BE7B01372CDEED960050F456 /* Release */,
			);
			defaultConfigurationIsVisible = 0;
			defaultConfigurationName = Release;
		};
/* End XCConfigurationList section */

/* Begin XCRemoteSwiftPackageReference section */
		BE7B01382CDEEE670050F456 /* XCRemoteSwiftPackageReference "firebase-ios-sdk" */ = {
			isa = XCRemoteSwiftPackageReference;
			repositoryURL = "https://github.com/firebase/firebase-ios-sdk";
			requirement = {
				kind = upToNextMajorVersion;
				minimumVersion = 11.4.0;
			};
		};
/* End XCRemoteSwiftPackageReference section */

/* Begin XCSwiftPackageProductDependency section */
		BE7B01392CDEEE670050F456 /* FirebaseAuth */ = {
			isa = XCSwiftPackageProductDependency;
			package = BE7B01382CDEEE670050F456 /* XCRemoteSwiftPackageReference "firebase-ios-sdk" */;
			productName = FirebaseAuth;
		};
		BE7B013B2CDEEE670050F456 /* FirebaseCore */ = {
			isa = XCSwiftPackageProductDependency;
			package = BE7B01382CDEEE670050F456 /* XCRemoteSwiftPackageReference "firebase-ios-sdk" */;
			productName = FirebaseCore;
		};
		BE7B013D2CDEEE670050F456 /* FirebaseDatabase */ = {
			isa = XCSwiftPackageProductDependency;
			package = BE7B01382CDEEE670050F456 /* XCRemoteSwiftPackageReference "firebase-ios-sdk" */;
			productName = FirebaseDatabase;
		};
		BE7B013F2CDEEE670050F456 /* FirebaseFirestore */ = {
			isa = XCSwiftPackageProductDependency;
			package = BE7B01382CDEEE670050F456 /* XCRemoteSwiftPackageReference "firebase-ios-sdk" */;
			productName = FirebaseFirestore;
		};
		BE7B01412CDEEE670050F456 /* FirebaseFunctions */ = {
			isa = XCSwiftPackageProductDependency;
			package = BE7B01382CDEEE670050F456 /* XCRemoteSwiftPackageReference "firebase-ios-sdk" */;
			productName = FirebaseFunctions;
		};
/* End XCSwiftPackageProductDependency section */
	};
	rootObject = BE7B01032CDEED940050F456 /* Project object */;
}
